// !$*UTF8*$!
{
	archiveVersion = 1;
	classes = {
	};
	objectVersion = 56;
	objects = {

/* Begin PBXBuildFile section */
		3F478ECF29DB474E00F6D39E /* Colors.swift in Sources */ = {isa = PBXBuildFile; fileRef = 3F478ECE29DB474E00F6D39E /* Colors.swift */; };
		3F478ED129DB476500F6D39E /* Fonts.swift in Sources */ = {isa = PBXBuildFile; fileRef = 3F478ED029DB476500F6D39E /* Fonts.swift */; };
		3F603CCD29DB4A53000C43D7 /* ProgressHUD in Frameworks */ = {isa = PBXBuildFile; productRef = 3F603CCC29DB4A53000C43D7 /* ProgressHUD */; };
		3F603CD029DB4A74000C43D7 /* Kingfisher in Frameworks */ = {isa = PBXBuildFile; productRef = 3F603CCF29DB4A74000C43D7 /* Kingfisher */; };
		3F68069729CBBAF100B4F915 /* AppDelegate.swift in Sources */ = {isa = PBXBuildFile; fileRef = 3F68069629CBBAF100B4F915 /* AppDelegate.swift */; };
		3F68069929CBBAF100B4F915 /* SceneDelegate.swift in Sources */ = {isa = PBXBuildFile; fileRef = 3F68069829CBBAF100B4F915 /* SceneDelegate.swift */; };
		3F6806A029CBBAF200B4F915 /* Assets.xcassets in Resources */ = {isa = PBXBuildFile; fileRef = 3F68069F29CBBAF200B4F915 /* Assets.xcassets */; };
		3F6806A329CBBAF200B4F915 /* LaunchScreen.storyboard in Resources */ = {isa = PBXBuildFile; fileRef = 3F6806A129CBBAF200B4F915 /* LaunchScreen.storyboard */; };
		3F6806AE29CBBAF200B4F915 /* ExampleUnitTests.swift in Sources */ = {isa = PBXBuildFile; fileRef = 3F6806AD29CBBAF200B4F915 /* ExampleUnitTests.swift */; };
		3F6806B829CBBAF200B4F915 /* FakeNFTUITests.swift in Sources */ = {isa = PBXBuildFile; fileRef = 3F6806B729CBBAF200B4F915 /* FakeNFTUITests.swift */; };
		3F6806D129CBBE6B00B4F915 /* NetworkClient.swift in Sources */ = {isa = PBXBuildFile; fileRef = 3F6806D029CBBE6B00B4F915 /* NetworkClient.swift */; };
		3F6806D329CBBE9600B4F915 /* NetworkRequest.swift in Sources */ = {isa = PBXBuildFile; fileRef = 3F6806D229CBBE9600B4F915 /* NetworkRequest.swift */; };
		3F6806D529CBBEC700B4F915 /* NetworkTask.swift in Sources */ = {isa = PBXBuildFile; fileRef = 3F6806D429CBBEC700B4F915 /* NetworkTask.swift */; };
		3F6806D729CBC50A00B4F915 /* CellsReusingUtils.swift in Sources */ = {isa = PBXBuildFile; fileRef = 3F6806D629CBC50A00B4F915 /* CellsReusingUtils.swift */; };
		3FC8C39129D2453B0081F015 /* ExampleRequest.swift in Sources */ = {isa = PBXBuildFile; fileRef = 3FC8C39029D2453B0081F015 /* ExampleRequest.swift */; };
		3FC8C39329D246BA0081F015 /* DateFormatters+Presets.swift in Sources */ = {isa = PBXBuildFile; fileRef = 3FC8C39229D246BA0081F015 /* DateFormatters+Presets.swift */; };
		3FC8C39729D24D9D0081F015 /* .swiftlint.yml in Resources */ = {isa = PBXBuildFile; fileRef = 3FC8C39629D24D9D0081F015 /* .swiftlint.yml */; };
		AF1A63D82AD81863000F8A4E /* CollectionsViewController.swift in Sources */ = {isa = PBXBuildFile; fileRef = AF1A63D12AD81863000F8A4E /* CollectionsViewController.swift */; };
		AF1A63D92AD81863000F8A4E /* ProfileViewController.swift in Sources */ = {isa = PBXBuildFile; fileRef = AF1A63D32AD81863000F8A4E /* ProfileViewController.swift */; };
		AF1A63DA2AD81863000F8A4E /* CartViewController.swift in Sources */ = {isa = PBXBuildFile; fileRef = AF1A63D52AD81863000F8A4E /* CartViewController.swift */; };
		AF1A63DB2AD81863000F8A4E /* StatisticViewController.swift in Sources */ = {isa = PBXBuildFile; fileRef = AF1A63D72AD81863000F8A4E /* StatisticViewController.swift */; };
		AF1A63E52AD96607000F8A4E /* CollectionsViewModelProtocol.swift in Sources */ = {isa = PBXBuildFile; fileRef = AF1A63E42AD96607000F8A4E /* CollectionsViewModelProtocol.swift */; };
		AF1A63E72AD96768000F8A4E /* CollectionsViewModel.swift in Sources */ = {isa = PBXBuildFile; fileRef = AF1A63E62AD96768000F8A4E /* CollectionsViewModel.swift */; };
		AF1A63EA2AD99153000F8A4E /* SortType.swift in Sources */ = {isa = PBXBuildFile; fileRef = AF1A63E92AD99153000F8A4E /* SortType.swift */; };
		AF3948DD2AD1B382003A7B70 /* NFTModel.swift in Sources */ = {isa = PBXBuildFile; fileRef = AF3948DA2AD1B382003A7B70 /* NFTModel.swift */; };
		AF3948DE2AD1B382003A7B70 /* UserModel.swift in Sources */ = {isa = PBXBuildFile; fileRef = AF3948DB2AD1B382003A7B70 /* UserModel.swift */; };
		AF3948DF2AD1B382003A7B70 /* CollectionModel.swift in Sources */ = {isa = PBXBuildFile; fileRef = AF3948DC2AD1B382003A7B70 /* CollectionModel.swift */; };
		AF3948E42AD1B4ED003A7B70 /* CatalogDataProvider.swift in Sources */ = {isa = PBXBuildFile; fileRef = AF3948E32AD1B4ED003A7B70 /* CatalogDataProvider.swift */; };
		AF3948F42AD1CC4F003A7B70 /* CollectionsRepositoryTests.swift in Sources */ = {isa = PBXBuildFile; fileRef = AF3948ED2AD1CC41003A7B70 /* CollectionsRepositoryTests.swift */; };
		AF3948F62AD1CC98003A7B70 /* MockNetworkClient.swift in Sources */ = {isa = PBXBuildFile; fileRef = AF3948F52AD1CC98003A7B70 /* MockNetworkClient.swift */; };
		AF3948FA2AD1D81E003A7B70 /* Endpoint.swift in Sources */ = {isa = PBXBuildFile; fileRef = AF3948F92AD1D81E003A7B70 /* Endpoint.swift */; };
		AF3948FC2AD1D847003A7B70 /* AllCollectionsEndpoint.swift in Sources */ = {isa = PBXBuildFile; fileRef = AF3948FB2AD1D847003A7B70 /* AllCollectionsEndpoint.swift */; };
		AF3948FE2AD1D867003A7B70 /* AllNFTsEndpoint.swift in Sources */ = {isa = PBXBuildFile; fileRef = AF3948FD2AD1D867003A7B70 /* AllNFTsEndpoint.swift */; };
		AF3949002AD1DA06003A7B70 /* DefaultNetworkRequest.swift in Sources */ = {isa = PBXBuildFile; fileRef = AF3948FF2AD1DA06003A7B70 /* DefaultNetworkRequest.swift */; };
		AF3949022AD1E13C003A7B70 /* SingleCollectionEndpoint.swift in Sources */ = {isa = PBXBuildFile; fileRef = AF3949012AD1E13C003A7B70 /* SingleCollectionEndpoint.swift */; };
		AF3949042AD1E1EE003A7B70 /* SingleNFTEndpoint.swift in Sources */ = {isa = PBXBuildFile; fileRef = AF3949032AD1E1EE003A7B70 /* SingleNFTEndpoint.swift */; };
		AF39490D2AD31B11003A7B70 /* ProfileLikesModel.swift in Sources */ = {isa = PBXBuildFile; fileRef = AF39490C2AD31B11003A7B70 /* ProfileLikesModel.swift */; };
		AF39490F2AD31B42003A7B70 /* AllLikesEndPoint.swift in Sources */ = {isa = PBXBuildFile; fileRef = AF39490E2AD31B42003A7B70 /* AllLikesEndPoint.swift */; };
		AF3949112AD31B59003A7B70 /* PostLikesEndpoint.swift in Sources */ = {isa = PBXBuildFile; fileRef = AF3949102AD31B59003A7B70 /* PostLikesEndpoint.swift */; };
		AF6BEC622ADAC81E00708F6E /* CollectionsTableViewCell.swift in Sources */ = {isa = PBXBuildFile; fileRef = AF6BEC612ADAC81E00708F6E /* CollectionsTableViewCell.swift */; };
		AF6BEC672ADAEA5100708F6E /* AlertModel.swift in Sources */ = {isa = PBXBuildFile; fileRef = AF6BEC662ADAEA5100708F6E /* AlertModel.swift */; };
		AF6BEC692ADAEA7800708F6E /* AlertPresenter.swift in Sources */ = {isa = PBXBuildFile; fileRef = AF6BEC682ADAEA7800708F6E /* AlertPresenter.swift */; };
		AF6BEC6B2ADAED1500708F6E /* NFTViewController.swift in Sources */ = {isa = PBXBuildFile; fileRef = AF6BEC6A2ADAED1500708F6E /* NFTViewController.swift */; };
		AF6BEC6D2ADAF53B00708F6E /* MockCollectionsViewModel.swift in Sources */ = {isa = PBXBuildFile; fileRef = AF6BEC6C2ADAF53B00708F6E /* MockCollectionsViewModel.swift */; };
		AF6BEC6F2ADAF6C300708F6E /* CollectionsViewControllerTests.swift in Sources */ = {isa = PBXBuildFile; fileRef = AF6BEC6E2ADAF6C300708F6E /* CollectionsViewControllerTests.swift */; };
		AF6BEC712ADAFADB00708F6E /* CollectionsViewControllerUITests.swift in Sources */ = {isa = PBXBuildFile; fileRef = AF6BEC702ADAFADB00708F6E /* CollectionsViewControllerUITests.swift */; };
		AF7F8F3D2ADFF66100C84AFD /* NFTInteraction.swift in Sources */ = {isa = PBXBuildFile; fileRef = AF7F8F3C2ADFF66100C84AFD /* NFTInteraction.swift */; };
		AF7F8F402ADFF70500C84AFD /* NFTHeaderTableViewCell.swift in Sources */ = {isa = PBXBuildFile; fileRef = AF7F8F3F2ADFF70500C84AFD /* NFTHeaderTableViewCell.swift */; };
		AF9A240A2AD5C04F00C73AEC /* Constants.swift in Sources */ = {isa = PBXBuildFile; fileRef = AF9A24092AD5C04F00C73AEC /* Constants.swift */; };
		AF9A240E2AD5C41B00C73AEC /* CatalogDataProviderProtocol.swift in Sources */ = {isa = PBXBuildFile; fileRef = AF9A240D2AD5C41B00C73AEC /* CatalogDataProviderProtocol.swift */; };
		AF9A24132AD5CA5400C73AEC /* DataProviderInteractor.swift in Sources */ = {isa = PBXBuildFile; fileRef = AF9A24122AD5CA5400C73AEC /* DataProviderInteractor.swift */; };
		AF9A24152AD5CB4D00C73AEC /* SortCases.swift in Sources */ = {isa = PBXBuildFile; fileRef = AF9A24142AD5CB4D00C73AEC /* SortCases.swift */; };
		AFA7CEEF2ADF24B700685E14 /* DataProviderInteractorProtocol.swift in Sources */ = {isa = PBXBuildFile; fileRef = AFA7CEEE2ADF24B700685E14 /* DataProviderInteractorProtocol.swift */; };
		AFD6454D2ADC741B00D48BC0 /* AnimatedGradientView.swift in Sources */ = {isa = PBXBuildFile; fileRef = AFD6454C2ADC741B00D48BC0 /* AnimatedGradientView.swift */; };
		AFD6454F2ADDCEF600D48BC0 /* NFTViewModelProtocol.swift in Sources */ = {isa = PBXBuildFile; fileRef = AFD6454E2ADDCEF600D48BC0 /* NFTViewModelProtocol.swift */; };
		AFD645512ADDCF0B00D48BC0 /* NFTViewModel.swift in Sources */ = {isa = PBXBuildFile; fileRef = AFD645502ADDCF0B00D48BC0 /* NFTViewModel.swift */; };
		AFD645532ADDD21700D48BC0 /* NFTNavigationState.swift in Sources */ = {isa = PBXBuildFile; fileRef = AFD645522ADDD21700D48BC0 /* NFTNavigationState.swift */; };
		AFF11A082ADA9C7400315704 /* CollectionsNavigationState.swift in Sources */ = {isa = PBXBuildFile; fileRef = AFF11A072ADA9C7400315704 /* CollectionsNavigationState.swift */; };
		AFF11A0A2ADAA1FF00315704 /* CollectionsResultState.swift in Sources */ = {isa = PBXBuildFile; fileRef = AFF11A092ADAA1FF00315704 /* CollectionsResultState.swift */; };
		AFF11A0C2ADAB14100315704 /* CollectionNavigationAction.swift in Sources */ = {isa = PBXBuildFile; fileRef = AFF11A0B2ADAB14100315704 /* CollectionNavigationAction.swift */; };
		D827F5712ACF10C900F01BBE /* .gitignore in Resources */ = {isa = PBXBuildFile; fileRef = D827F5702ACF10C900F01BBE /* .gitignore */; };
		D8307F1B2AD2CE30006302F6 /* ModuleFactory.swift in Sources */ = {isa = PBXBuildFile; fileRef = D8307F1A2AD2CE30006302F6 /* ModuleFactory.swift */; };
		D84751442AD0AC9100CEA0A7 /* Localizable.strings in Resources */ = {isa = PBXBuildFile; fileRef = D84751462AD0AC9100CEA0A7 /* Localizable.strings */; };
		D84751492AD0B01500CEA0A7 /* swiftgenconfig in Resources */ = {isa = PBXBuildFile; fileRef = D84751482AD0B01500CEA0A7 /* swiftgenconfig */; };
		D84751522AD0B84300CEA0A7 /* Strings.swift in Sources */ = {isa = PBXBuildFile; fileRef = D84751512AD0B84300CEA0A7 /* Strings.swift */; };
/* End PBXBuildFile section */

/* Begin PBXContainerItemProxy section */
		3F6806AA29CBBAF200B4F915 /* PBXContainerItemProxy */ = {
			isa = PBXContainerItemProxy;
			containerPortal = 3F68068B29CBBAF100B4F915 /* Project object */;
			proxyType = 1;
			remoteGlobalIDString = 3F68069229CBBAF100B4F915;
			remoteInfo = FakeNFT;
		};
		3F6806B429CBBAF200B4F915 /* PBXContainerItemProxy */ = {
			isa = PBXContainerItemProxy;
			containerPortal = 3F68068B29CBBAF100B4F915 /* Project object */;
			proxyType = 1;
			remoteGlobalIDString = 3F68069229CBBAF100B4F915;
			remoteInfo = FakeNFT;
		};
		AF3948EF2AD1CC41003A7B70 /* PBXContainerItemProxy */ = {
			isa = PBXContainerItemProxy;
			containerPortal = 3F68068B29CBBAF100B4F915 /* Project object */;
			proxyType = 1;
			remoteGlobalIDString = 3F68069229CBBAF100B4F915;
			remoteInfo = FakeNFT;
		};
/* End PBXContainerItemProxy section */

/* Begin PBXFileReference section */
		3F478ECE29DB474E00F6D39E /* Colors.swift */ = {isa = PBXFileReference; lastKnownFileType = sourcecode.swift; path = Colors.swift; sourceTree = "<group>"; };
		3F478ED029DB476500F6D39E /* Fonts.swift */ = {isa = PBXFileReference; lastKnownFileType = sourcecode.swift; path = Fonts.swift; sourceTree = "<group>"; };
		3F68069329CBBAF100B4F915 /* FakeNFT.app */ = {isa = PBXFileReference; explicitFileType = wrapper.application; includeInIndex = 0; path = FakeNFT.app; sourceTree = BUILT_PRODUCTS_DIR; };
		3F68069629CBBAF100B4F915 /* AppDelegate.swift */ = {isa = PBXFileReference; lastKnownFileType = sourcecode.swift; path = AppDelegate.swift; sourceTree = "<group>"; };
		3F68069829CBBAF100B4F915 /* SceneDelegate.swift */ = {isa = PBXFileReference; lastKnownFileType = sourcecode.swift; path = SceneDelegate.swift; sourceTree = "<group>"; };
		3F68069F29CBBAF200B4F915 /* Assets.xcassets */ = {isa = PBXFileReference; lastKnownFileType = folder.assetcatalog; path = Assets.xcassets; sourceTree = "<group>"; };
		3F6806A229CBBAF200B4F915 /* Base */ = {isa = PBXFileReference; lastKnownFileType = file.storyboard; name = Base; path = Base.lproj/LaunchScreen.storyboard; sourceTree = "<group>"; };
		3F6806A429CBBAF200B4F915 /* Info.plist */ = {isa = PBXFileReference; lastKnownFileType = text.plist.xml; path = Info.plist; sourceTree = "<group>"; };
		3F6806A929CBBAF200B4F915 /* FakeNFTTests.xctest */ = {isa = PBXFileReference; explicitFileType = wrapper.cfbundle; includeInIndex = 0; path = FakeNFTTests.xctest; sourceTree = BUILT_PRODUCTS_DIR; };
		3F6806AD29CBBAF200B4F915 /* ExampleUnitTests.swift */ = {isa = PBXFileReference; lastKnownFileType = sourcecode.swift; path = ExampleUnitTests.swift; sourceTree = "<group>"; };
		3F6806B329CBBAF200B4F915 /* FakeNFTUITests.xctest */ = {isa = PBXFileReference; explicitFileType = wrapper.cfbundle; includeInIndex = 0; path = FakeNFTUITests.xctest; sourceTree = BUILT_PRODUCTS_DIR; };
		3F6806B729CBBAF200B4F915 /* FakeNFTUITests.swift */ = {isa = PBXFileReference; lastKnownFileType = sourcecode.swift; path = FakeNFTUITests.swift; sourceTree = "<group>"; };
		3F6806D029CBBE6B00B4F915 /* NetworkClient.swift */ = {isa = PBXFileReference; lastKnownFileType = sourcecode.swift; path = NetworkClient.swift; sourceTree = "<group>"; };
		3F6806D229CBBE9600B4F915 /* NetworkRequest.swift */ = {isa = PBXFileReference; lastKnownFileType = sourcecode.swift; path = NetworkRequest.swift; sourceTree = "<group>"; };
		3F6806D429CBBEC700B4F915 /* NetworkTask.swift */ = {isa = PBXFileReference; lastKnownFileType = sourcecode.swift; path = NetworkTask.swift; sourceTree = "<group>"; };
		3F6806D629CBC50A00B4F915 /* CellsReusingUtils.swift */ = {isa = PBXFileReference; lastKnownFileType = sourcecode.swift; path = CellsReusingUtils.swift; sourceTree = "<group>"; };
		3FC8C39029D2453B0081F015 /* ExampleRequest.swift */ = {isa = PBXFileReference; lastKnownFileType = sourcecode.swift; path = ExampleRequest.swift; sourceTree = "<group>"; };
		3FC8C39229D246BA0081F015 /* DateFormatters+Presets.swift */ = {isa = PBXFileReference; lastKnownFileType = sourcecode.swift; path = "DateFormatters+Presets.swift"; sourceTree = "<group>"; };
		3FC8C39629D24D9D0081F015 /* .swiftlint.yml */ = {isa = PBXFileReference; lastKnownFileType = text.yaml; path = .swiftlint.yml; sourceTree = "<group>"; };
		AF1A63D12AD81863000F8A4E /* CollectionsViewController.swift */ = {isa = PBXFileReference; fileEncoding = 4; lastKnownFileType = sourcecode.swift; path = CollectionsViewController.swift; sourceTree = "<group>"; };
		AF1A63D32AD81863000F8A4E /* ProfileViewController.swift */ = {isa = PBXFileReference; fileEncoding = 4; lastKnownFileType = sourcecode.swift; path = ProfileViewController.swift; sourceTree = "<group>"; };
		AF1A63D52AD81863000F8A4E /* CartViewController.swift */ = {isa = PBXFileReference; fileEncoding = 4; lastKnownFileType = sourcecode.swift; path = CartViewController.swift; sourceTree = "<group>"; };
		AF1A63D72AD81863000F8A4E /* StatisticViewController.swift */ = {isa = PBXFileReference; fileEncoding = 4; lastKnownFileType = sourcecode.swift; path = StatisticViewController.swift; sourceTree = "<group>"; };
		AF1A63E42AD96607000F8A4E /* CollectionsViewModelProtocol.swift */ = {isa = PBXFileReference; lastKnownFileType = sourcecode.swift; path = CollectionsViewModelProtocol.swift; sourceTree = "<group>"; };
		AF1A63E62AD96768000F8A4E /* CollectionsViewModel.swift */ = {isa = PBXFileReference; lastKnownFileType = sourcecode.swift; path = CollectionsViewModel.swift; sourceTree = "<group>"; };
		AF1A63E92AD99153000F8A4E /* SortType.swift */ = {isa = PBXFileReference; lastKnownFileType = sourcecode.swift; path = SortType.swift; sourceTree = "<group>"; };
		AF3948DA2AD1B382003A7B70 /* NFTModel.swift */ = {isa = PBXFileReference; fileEncoding = 4; lastKnownFileType = sourcecode.swift; path = NFTModel.swift; sourceTree = "<group>"; };
		AF3948DB2AD1B382003A7B70 /* UserModel.swift */ = {isa = PBXFileReference; fileEncoding = 4; lastKnownFileType = sourcecode.swift; path = UserModel.swift; sourceTree = "<group>"; };
		AF3948DC2AD1B382003A7B70 /* CollectionModel.swift */ = {isa = PBXFileReference; fileEncoding = 4; lastKnownFileType = sourcecode.swift; path = CollectionModel.swift; sourceTree = "<group>"; };
		AF3948E32AD1B4ED003A7B70 /* CatalogDataProvider.swift */ = {isa = PBXFileReference; lastKnownFileType = sourcecode.swift; path = CatalogDataProvider.swift; sourceTree = "<group>"; };
		AF3948EB2AD1CC41003A7B70 /* CollectionsRepositoryTests.xctest */ = {isa = PBXFileReference; explicitFileType = wrapper.cfbundle; includeInIndex = 0; path = CollectionsRepositoryTests.xctest; sourceTree = BUILT_PRODUCTS_DIR; };
		AF3948ED2AD1CC41003A7B70 /* CollectionsRepositoryTests.swift */ = {isa = PBXFileReference; lastKnownFileType = sourcecode.swift; path = CollectionsRepositoryTests.swift; sourceTree = "<group>"; };
		AF3948F52AD1CC98003A7B70 /* MockNetworkClient.swift */ = {isa = PBXFileReference; lastKnownFileType = sourcecode.swift; path = MockNetworkClient.swift; sourceTree = "<group>"; };
		AF3948F92AD1D81E003A7B70 /* Endpoint.swift */ = {isa = PBXFileReference; lastKnownFileType = sourcecode.swift; path = Endpoint.swift; sourceTree = "<group>"; };
		AF3948FB2AD1D847003A7B70 /* AllCollectionsEndpoint.swift */ = {isa = PBXFileReference; lastKnownFileType = sourcecode.swift; path = AllCollectionsEndpoint.swift; sourceTree = "<group>"; };
		AF3948FD2AD1D867003A7B70 /* AllNFTsEndpoint.swift */ = {isa = PBXFileReference; lastKnownFileType = sourcecode.swift; path = AllNFTsEndpoint.swift; sourceTree = "<group>"; };
		AF3948FF2AD1DA06003A7B70 /* DefaultNetworkRequest.swift */ = {isa = PBXFileReference; lastKnownFileType = sourcecode.swift; path = DefaultNetworkRequest.swift; sourceTree = "<group>"; };
		AF3949012AD1E13C003A7B70 /* SingleCollectionEndpoint.swift */ = {isa = PBXFileReference; lastKnownFileType = sourcecode.swift; path = SingleCollectionEndpoint.swift; sourceTree = "<group>"; };
		AF3949032AD1E1EE003A7B70 /* SingleNFTEndpoint.swift */ = {isa = PBXFileReference; lastKnownFileType = sourcecode.swift; path = SingleNFTEndpoint.swift; sourceTree = "<group>"; };
		AF39490C2AD31B11003A7B70 /* ProfileLikesModel.swift */ = {isa = PBXFileReference; lastKnownFileType = sourcecode.swift; path = ProfileLikesModel.swift; sourceTree = "<group>"; };
		AF39490E2AD31B42003A7B70 /* AllLikesEndPoint.swift */ = {isa = PBXFileReference; lastKnownFileType = sourcecode.swift; path = AllLikesEndPoint.swift; sourceTree = "<group>"; };
		AF3949102AD31B59003A7B70 /* PostLikesEndpoint.swift */ = {isa = PBXFileReference; lastKnownFileType = sourcecode.swift; path = PostLikesEndpoint.swift; sourceTree = "<group>"; };
		AF6BEC612ADAC81E00708F6E /* CollectionsTableViewCell.swift */ = {isa = PBXFileReference; lastKnownFileType = sourcecode.swift; path = CollectionsTableViewCell.swift; sourceTree = "<group>"; };
		AF6BEC662ADAEA5100708F6E /* AlertModel.swift */ = {isa = PBXFileReference; lastKnownFileType = sourcecode.swift; path = AlertModel.swift; sourceTree = "<group>"; };
		AF6BEC682ADAEA7800708F6E /* AlertPresenter.swift */ = {isa = PBXFileReference; lastKnownFileType = sourcecode.swift; path = AlertPresenter.swift; sourceTree = "<group>"; };
		AF6BEC6A2ADAED1500708F6E /* NFTViewController.swift */ = {isa = PBXFileReference; lastKnownFileType = sourcecode.swift; path = NFTViewController.swift; sourceTree = "<group>"; };
		AF6BEC6C2ADAF53B00708F6E /* MockCollectionsViewModel.swift */ = {isa = PBXFileReference; lastKnownFileType = sourcecode.swift; path = MockCollectionsViewModel.swift; sourceTree = "<group>"; };
		AF6BEC6E2ADAF6C300708F6E /* CollectionsViewControllerTests.swift */ = {isa = PBXFileReference; lastKnownFileType = sourcecode.swift; path = CollectionsViewControllerTests.swift; sourceTree = "<group>"; };
		AF6BEC702ADAFADB00708F6E /* CollectionsViewControllerUITests.swift */ = {isa = PBXFileReference; lastKnownFileType = sourcecode.swift; path = CollectionsViewControllerUITests.swift; sourceTree = "<group>"; };
		AF7F8F3C2ADFF66100C84AFD /* NFTInteraction.swift */ = {isa = PBXFileReference; lastKnownFileType = sourcecode.swift; path = NFTInteraction.swift; sourceTree = "<group>"; };
		AF7F8F3F2ADFF70500C84AFD /* NFTHeaderTableViewCell.swift */ = {isa = PBXFileReference; lastKnownFileType = sourcecode.swift; path = NFTHeaderTableViewCell.swift; sourceTree = "<group>"; };
		AF9A24092AD5C04F00C73AEC /* Constants.swift */ = {isa = PBXFileReference; lastKnownFileType = sourcecode.swift; path = Constants.swift; sourceTree = "<group>"; };
		AF9A240D2AD5C41B00C73AEC /* CatalogDataProviderProtocol.swift */ = {isa = PBXFileReference; lastKnownFileType = sourcecode.swift; path = CatalogDataProviderProtocol.swift; sourceTree = "<group>"; };
		AF9A24122AD5CA5400C73AEC /* DataProviderInteractor.swift */ = {isa = PBXFileReference; lastKnownFileType = sourcecode.swift; path = DataProviderInteractor.swift; sourceTree = "<group>"; };
		AF9A24142AD5CB4D00C73AEC /* SortCases.swift */ = {isa = PBXFileReference; lastKnownFileType = sourcecode.swift; path = SortCases.swift; sourceTree = "<group>"; };
		AFA7CEEE2ADF24B700685E14 /* DataProviderInteractorProtocol.swift */ = {isa = PBXFileReference; lastKnownFileType = sourcecode.swift; path = DataProviderInteractorProtocol.swift; sourceTree = "<group>"; };
		AFD6454C2ADC741B00D48BC0 /* AnimatedGradientView.swift */ = {isa = PBXFileReference; lastKnownFileType = sourcecode.swift; path = AnimatedGradientView.swift; sourceTree = "<group>"; };
		AFD6454E2ADDCEF600D48BC0 /* NFTViewModelProtocol.swift */ = {isa = PBXFileReference; lastKnownFileType = sourcecode.swift; path = NFTViewModelProtocol.swift; sourceTree = "<group>"; };
		AFD645502ADDCF0B00D48BC0 /* NFTViewModel.swift */ = {isa = PBXFileReference; lastKnownFileType = sourcecode.swift; path = NFTViewModel.swift; sourceTree = "<group>"; };
		AFD645522ADDD21700D48BC0 /* NFTNavigationState.swift */ = {isa = PBXFileReference; lastKnownFileType = sourcecode.swift; path = NFTNavigationState.swift; sourceTree = "<group>"; };
		AFF11A072ADA9C7400315704 /* CollectionsNavigationState.swift */ = {isa = PBXFileReference; lastKnownFileType = sourcecode.swift; path = CollectionsNavigationState.swift; sourceTree = "<group>"; };
		AFF11A092ADAA1FF00315704 /* CollectionsResultState.swift */ = {isa = PBXFileReference; lastKnownFileType = sourcecode.swift; path = CollectionsResultState.swift; sourceTree = "<group>"; };
		AFF11A0B2ADAB14100315704 /* CollectionNavigationAction.swift */ = {isa = PBXFileReference; lastKnownFileType = sourcecode.swift; path = CollectionNavigationAction.swift; sourceTree = "<group>"; };
		D827F5702ACF10C900F01BBE /* .gitignore */ = {isa = PBXFileReference; fileEncoding = 4; lastKnownFileType = text; path = .gitignore; sourceTree = "<group>"; };
		D8307F1A2AD2CE30006302F6 /* ModuleFactory.swift */ = {isa = PBXFileReference; lastKnownFileType = sourcecode.swift; path = ModuleFactory.swift; sourceTree = "<group>"; };
		D84751412AD0ABCF00CEA0A7 /* ru */ = {isa = PBXFileReference; lastKnownFileType = text.plist.strings; name = ru; path = ru.lproj/LaunchScreen.strings; sourceTree = "<group>"; };
		D84751432AD0AC6700CEA0A7 /* en */ = {isa = PBXFileReference; lastKnownFileType = text.plist.strings; name = en; path = en.lproj/LaunchScreen.strings; sourceTree = "<group>"; };
		D84751452AD0AC9100CEA0A7 /* ru */ = {isa = PBXFileReference; lastKnownFileType = text.plist.strings; name = ru; path = ru.lproj/Localizable.strings; sourceTree = "<group>"; };
		D84751472AD0AC9500CEA0A7 /* en */ = {isa = PBXFileReference; lastKnownFileType = text.plist.strings; name = en; path = en.lproj/Localizable.strings; sourceTree = "<group>"; };
		D84751482AD0B01500CEA0A7 /* swiftgenconfig */ = {isa = PBXFileReference; lastKnownFileType = folder; path = swiftgenconfig; sourceTree = "<group>"; };
		D84751512AD0B84300CEA0A7 /* Strings.swift */ = {isa = PBXFileReference; fileEncoding = 4; lastKnownFileType = sourcecode.swift; name = Strings.swift; path = Generated/Strings.swift; sourceTree = "<group>"; };
/* End PBXFileReference section */

/* Begin PBXFrameworksBuildPhase section */
		3F68069029CBBAF100B4F915 /* Frameworks */ = {
			isa = PBXFrameworksBuildPhase;
			buildActionMask = 2147483647;
			files = (
				3F603CD029DB4A74000C43D7 /* Kingfisher in Frameworks */,
				3F603CCD29DB4A53000C43D7 /* ProgressHUD in Frameworks */,
			);
			runOnlyForDeploymentPostprocessing = 0;
		};
		3F6806A629CBBAF200B4F915 /* Frameworks */ = {
			isa = PBXFrameworksBuildPhase;
			buildActionMask = 2147483647;
			files = (
			);
			runOnlyForDeploymentPostprocessing = 0;
		};
		3F6806B029CBBAF200B4F915 /* Frameworks */ = {
			isa = PBXFrameworksBuildPhase;
			buildActionMask = 2147483647;
			files = (
			);
			runOnlyForDeploymentPostprocessing = 0;
		};
		AF3948E82AD1CC41003A7B70 /* Frameworks */ = {
			isa = PBXFrameworksBuildPhase;
			buildActionMask = 2147483647;
			files = (
			);
			runOnlyForDeploymentPostprocessing = 0;
		};
/* End PBXFrameworksBuildPhase section */

/* Begin PBXGroup section */
		3F478ECD29DB473000F6D39E /* DesignSystem */ = {
			isa = PBXGroup;
			children = (
				3F478ECE29DB474E00F6D39E /* Colors.swift */,
				3F478ED029DB476500F6D39E /* Fonts.swift */,
			);
			path = DesignSystem;
			sourceTree = "<group>";
		};
		3F68068A29CBBAF100B4F915 = {
			isa = PBXGroup;
			children = (
				D827F5702ACF10C900F01BBE /* .gitignore */,
				3FC8C39629D24D9D0081F015 /* .swiftlint.yml */,
				3F68069529CBBAF100B4F915 /* FakeNFT */,
				3F6806AC29CBBAF200B4F915 /* FakeNFTTests */,
				3F6806B629CBBAF200B4F915 /* FakeNFTUITests */,
				3F68069429CBBAF100B4F915 /* Products */,
			);
			sourceTree = "<group>";
		};
		3F68069429CBBAF100B4F915 /* Products */ = {
			isa = PBXGroup;
			children = (
				3F68069329CBBAF100B4F915 /* FakeNFT.app */,
				3F6806A929CBBAF200B4F915 /* FakeNFTTests.xctest */,
				3F6806B329CBBAF200B4F915 /* FakeNFTUITests.xctest */,
				AF3948EB2AD1CC41003A7B70 /* CollectionsRepositoryTests.xctest */,
			);
			name = Products;
			sourceTree = "<group>";
		};
		3F68069529CBBAF100B4F915 /* FakeNFT */ = {
			isa = PBXGroup;
			children = (
				AF9A240B2AD5C3E100C73AEC /* Domain */,
				AF3948E02AD1B408003A7B70 /* Data */,
				AF1A63CF2AD81863000F8A4E /* Scenes */,
				D84751512AD0B84300CEA0A7 /* Strings.swift */,
				D84751482AD0B01500CEA0A7 /* swiftgenconfig */,
				D847513D2AD0AB0400CEA0A7 /* Resources */,
				3F68069629CBBAF100B4F915 /* AppDelegate.swift */,
				3F68069829CBBAF100B4F915 /* SceneDelegate.swift */,
				3F478ECD29DB473000F6D39E /* DesignSystem */,
				3F6806CE29CBBD1B00B4F915 /* Foundation */,
				3F6806C929CBBCAF00B4F915 /* Models */,
				3F6806C629CBBC4E00B4F915 /* Services */,
				3F68069F29CBBAF200B4F915 /* Assets.xcassets */,
				3F6806A129CBBAF200B4F915 /* LaunchScreen.storyboard */,
				3F6806A429CBBAF200B4F915 /* Info.plist */,
			);
			path = FakeNFT;
			sourceTree = "<group>";
		};
		3F6806AC29CBBAF200B4F915 /* FakeNFTTests */ = {
			isa = PBXGroup;
			children = (
				3F6806AD29CBBAF200B4F915 /* ExampleUnitTests.swift */,
				AF3948ED2AD1CC41003A7B70 /* CollectionsRepositoryTests.swift */,
				AF3948F52AD1CC98003A7B70 /* MockNetworkClient.swift */,
				AF6BEC6C2ADAF53B00708F6E /* MockCollectionsViewModel.swift */,
				AF6BEC6E2ADAF6C300708F6E /* CollectionsViewControllerTests.swift */,
			);
			path = FakeNFTTests;
			sourceTree = "<group>";
		};
		3F6806B629CBBAF200B4F915 /* FakeNFTUITests */ = {
			isa = PBXGroup;
			children = (
				3F6806B729CBBAF200B4F915 /* FakeNFTUITests.swift */,
				AF6BEC702ADAFADB00708F6E /* CollectionsViewControllerUITests.swift */,
			);
			path = FakeNFTUITests;
			sourceTree = "<group>";
		};
		3F6806C629CBBC4E00B4F915 /* Services */ = {
			isa = PBXGroup;
			children = (
				3FC8C38F29D245250081F015 /* Requests */,
				D8307F1A2AD2CE30006302F6 /* ModuleFactory.swift */,
			);
			path = Services;
			sourceTree = "<group>";
		};
		3F6806C929CBBCAF00B4F915 /* Models */ = {
			isa = PBXGroup;
			children = (
				AF6BEC652ADAEA2D00708F6E /* Alert */,
				AF3948D92AD1B382003A7B70 /* Catalog */,
				3F6806D829CC979D00B4F915 /* Network */,
			);
			path = Models;
			sourceTree = "<group>";
		};
		3F6806CE29CBBD1B00B4F915 /* Foundation */ = {
			isa = PBXGroup;
			children = (
				3F6806CF29CBBDB100B4F915 /* NetworkClient */,
				3F6806D629CBC50A00B4F915 /* CellsReusingUtils.swift */,
				3FC8C39229D246BA0081F015 /* DateFormatters+Presets.swift */,
				AF6BEC682ADAEA7800708F6E /* AlertPresenter.swift */,
			);
			path = Foundation;
			sourceTree = "<group>";
		};
		3F6806CF29CBBDB100B4F915 /* NetworkClient */ = {
			isa = PBXGroup;
			children = (
				3F6806D029CBBE6B00B4F915 /* NetworkClient.swift */,
				3F6806D229CBBE9600B4F915 /* NetworkRequest.swift */,
				3F6806D429CBBEC700B4F915 /* NetworkTask.swift */,
				AF3948FF2AD1DA06003A7B70 /* DefaultNetworkRequest.swift */,
			);
			path = NetworkClient;
			sourceTree = "<group>";
		};
		3F6806D829CC979D00B4F915 /* Network */ = {
			isa = PBXGroup;
			children = (
				AF3949052AD1E5A7003A7B70 /* Catalog */,
				AF3948F92AD1D81E003A7B70 /* Endpoint.swift */,
			);
			path = Network;
			sourceTree = "<group>";
		};
		3FC8C38F29D245250081F015 /* Requests */ = {
			isa = PBXGroup;
			children = (
				3FC8C39029D2453B0081F015 /* ExampleRequest.swift */,
			);
			path = Requests;
			sourceTree = "<group>";
		};
		AF1A63CF2AD81863000F8A4E /* Scenes */ = {
			isa = PBXGroup;
			children = (
				AF1A63D02AD81863000F8A4E /* Catalog */,
				AF1A63D22AD81863000F8A4E /* Profile */,
				AF1A63D42AD81863000F8A4E /* Cart */,
				AF1A63D62AD81863000F8A4E /* Statistic */,
			);
			path = Scenes;
			sourceTree = "<group>";
		};
		AF1A63D02AD81863000F8A4E /* Catalog */ = {
			isa = PBXGroup;
			children = (
				AFD6454C2ADC741B00D48BC0 /* AnimatedGradientView.swift */,
				AF9A24112AD5CA3600C73AEC /* Collections */,
				AF1A63E12AD95996000F8A4E /* NFTs */,
			);
			path = Catalog;
			sourceTree = "<group>";
		};
		AF1A63D22AD81863000F8A4E /* Profile */ = {
			isa = PBXGroup;
			children = (
				AF1A63D32AD81863000F8A4E /* ProfileViewController.swift */,
			);
			path = Profile;
			sourceTree = "<group>";
		};
		AF1A63D42AD81863000F8A4E /* Cart */ = {
			isa = PBXGroup;
			children = (
				AF1A63D52AD81863000F8A4E /* CartViewController.swift */,
			);
			path = Cart;
			sourceTree = "<group>";
		};
		AF1A63D62AD81863000F8A4E /* Statistic */ = {
			isa = PBXGroup;
			children = (
				AF1A63D72AD81863000F8A4E /* StatisticViewController.swift */,
			);
			path = Statistic;
			sourceTree = "<group>";
		};
		AF1A63E12AD95996000F8A4E /* NFTs */ = {
			isa = PBXGroup;
			children = (
				AF7F8F3E2ADFF6A800C84AFD /* Views */,
				AF7F8F3B2ADFF62100C84AFD /* Enums */,
				AF6BEC6A2ADAED1500708F6E /* NFTViewController.swift */,
				AFD6454E2ADDCEF600D48BC0 /* NFTViewModelProtocol.swift */,
				AFD645502ADDCF0B00D48BC0 /* NFTViewModel.swift */,
			);
			name = NFTs;
			path = FakeNFT/Scenes/Catalog/NFTs;
			sourceTree = SOURCE_ROOT;
		};
		AF3948D92AD1B382003A7B70 /* Catalog */ = {
			isa = PBXGroup;
			children = (
				AF3948DA2AD1B382003A7B70 /* NFTModel.swift */,
				AF3948DB2AD1B382003A7B70 /* UserModel.swift */,
				AF3948DC2AD1B382003A7B70 /* CollectionModel.swift */,
				AF39490C2AD31B11003A7B70 /* ProfileLikesModel.swift */,
			);
			path = Catalog;
			sourceTree = "<group>";
		};
		AF3948E02AD1B408003A7B70 /* Data */ = {
			isa = PBXGroup;
			children = (
				AF3948E12AD1B416003A7B70 /* Catalog */,
			);
			path = Data;
			sourceTree = "<group>";
		};
		AF3948E12AD1B416003A7B70 /* Catalog */ = {
			isa = PBXGroup;
			children = (
				AF3948E32AD1B4ED003A7B70 /* CatalogDataProvider.swift */,
				AF9A24122AD5CA5400C73AEC /* DataProviderInteractor.swift */,
				AF9A24092AD5C04F00C73AEC /* Constants.swift */,
			);
			path = Catalog;
			sourceTree = "<group>";
		};
		AF3949052AD1E5A7003A7B70 /* Catalog */ = {
			isa = PBXGroup;
			children = (
				AF3948FB2AD1D847003A7B70 /* AllCollectionsEndpoint.swift */,
				AF3949012AD1E13C003A7B70 /* SingleCollectionEndpoint.swift */,
				AF3948FD2AD1D867003A7B70 /* AllNFTsEndpoint.swift */,
				AF3949032AD1E1EE003A7B70 /* SingleNFTEndpoint.swift */,
				AF39490E2AD31B42003A7B70 /* AllLikesEndPoint.swift */,
				AF3949102AD31B59003A7B70 /* PostLikesEndpoint.swift */,
			);
			path = Catalog;
			sourceTree = "<group>";
		};
		AF6BEC652ADAEA2D00708F6E /* Alert */ = {
			isa = PBXGroup;
			children = (
				AF6BEC662ADAEA5100708F6E /* AlertModel.swift */,
			);
			path = Alert;
			sourceTree = "<group>";
		};
		AF7F8F3B2ADFF62100C84AFD /* Enums */ = {
			isa = PBXGroup;
			children = (
				AFD645522ADDD21700D48BC0 /* NFTNavigationState.swift */,
				AF7F8F3C2ADFF66100C84AFD /* NFTInteraction.swift */,
			);
			path = Enums;
			sourceTree = "<group>";
		};
		AF7F8F3E2ADFF6A800C84AFD /* Views */ = {
			isa = PBXGroup;
			children = (
				AF7F8F3F2ADFF70500C84AFD /* NFTHeaderTableViewCell.swift */,
			);
			path = Views;
			sourceTree = "<group>";
		};
		AF9A240B2AD5C3E100C73AEC /* Domain */ = {
			isa = PBXGroup;
			children = (
				AF9A240C2AD5C3E800C73AEC /* Catalog */,
			);
			path = Domain;
			sourceTree = "<group>";
		};
		AF9A240C2AD5C3E800C73AEC /* Catalog */ = {
			isa = PBXGroup;
			children = (
				AF9A240D2AD5C41B00C73AEC /* CatalogDataProviderProtocol.swift */,
				AFA7CEEE2ADF24B700685E14 /* DataProviderInteractorProtocol.swift */,
			);
			path = Catalog;
			sourceTree = "<group>";
		};
		AF9A24112AD5CA3600C73AEC /* Collections */ = {
			isa = PBXGroup;
			children = (
				AFA7CEED2ADF23F400685E14 /* Views */,
				AFA7CEEC2ADF23E700685E14 /* Enums */,
				AF1A63D12AD81863000F8A4E /* CollectionsViewController.swift */,
				AF1A63E42AD96607000F8A4E /* CollectionsViewModelProtocol.swift */,
				AF1A63E62AD96768000F8A4E /* CollectionsViewModel.swift */,
			);
			path = Collections;
			sourceTree = "<group>";
		};
		AFA7CEEC2ADF23E700685E14 /* Enums */ = {
			isa = PBXGroup;
			children = (
				AFF11A0B2ADAB14100315704 /* CollectionNavigationAction.swift */,
				AF1A63E92AD99153000F8A4E /* SortType.swift */,
				AFF11A072ADA9C7400315704 /* CollectionsNavigationState.swift */,
				AFF11A092ADAA1FF00315704 /* CollectionsResultState.swift */,
				AF9A24142AD5CB4D00C73AEC /* SortCases.swift */,
			);
			path = Enums;
			sourceTree = "<group>";
		};
		AFA7CEED2ADF23F400685E14 /* Views */ = {
			isa = PBXGroup;
			children = (
				AF6BEC612ADAC81E00708F6E /* CollectionsTableViewCell.swift */,
			);
			path = Views;
			sourceTree = "<group>";
		};
		D847513D2AD0AB0400CEA0A7 /* Resources */ = {
			isa = PBXGroup;
			children = (
				D84751462AD0AC9100CEA0A7 /* Localizable.strings */,
			);
			path = Resources;
			sourceTree = "<group>";
		};
/* End PBXGroup section */

/* Begin PBXNativeTarget section */
		3F68069229CBBAF100B4F915 /* FakeNFT */ = {
			isa = PBXNativeTarget;
			buildConfigurationList = 3F6806BD29CBBAF200B4F915 /* Build configuration list for PBXNativeTarget "FakeNFT" */;
			buildPhases = (
				3FC8C39529D24CDB0081F015 /* Swiftlint */,
				3F68068F29CBBAF100B4F915 /* Sources */,
				3F68069029CBBAF100B4F915 /* Frameworks */,
				3F68069129CBBAF100B4F915 /* Resources */,
			);
			buildRules = (
			);
			dependencies = (
			);
			name = FakeNFT;
			packageProductDependencies = (
				3F603CCC29DB4A53000C43D7 /* ProgressHUD */,
				3F603CCF29DB4A74000C43D7 /* Kingfisher */,
			);
			productName = FakeNFT;
			productReference = 3F68069329CBBAF100B4F915 /* FakeNFT.app */;
			productType = "com.apple.product-type.application";
		};
		3F6806A829CBBAF200B4F915 /* FakeNFTTests */ = {
			isa = PBXNativeTarget;
			buildConfigurationList = 3F6806C029CBBAF200B4F915 /* Build configuration list for PBXNativeTarget "FakeNFTTests" */;
			buildPhases = (
				3F6806A529CBBAF200B4F915 /* Sources */,
				3F6806A629CBBAF200B4F915 /* Frameworks */,
				3F6806A729CBBAF200B4F915 /* Resources */,
			);
			buildRules = (
			);
			dependencies = (
				3F6806AB29CBBAF200B4F915 /* PBXTargetDependency */,
			);
			name = FakeNFTTests;
			productName = FakeNFTTests;
			productReference = 3F6806A929CBBAF200B4F915 /* FakeNFTTests.xctest */;
			productType = "com.apple.product-type.bundle.unit-test";
		};
		3F6806B229CBBAF200B4F915 /* FakeNFTUITests */ = {
			isa = PBXNativeTarget;
			buildConfigurationList = 3F6806C329CBBAF200B4F915 /* Build configuration list for PBXNativeTarget "FakeNFTUITests" */;
			buildPhases = (
				3F6806AF29CBBAF200B4F915 /* Sources */,
				3F6806B029CBBAF200B4F915 /* Frameworks */,
				3F6806B129CBBAF200B4F915 /* Resources */,
			);
			buildRules = (
			);
			dependencies = (
				3F6806B529CBBAF200B4F915 /* PBXTargetDependency */,
			);
			name = FakeNFTUITests;
			productName = FakeNFTUITests;
			productReference = 3F6806B329CBBAF200B4F915 /* FakeNFTUITests.xctest */;
			productType = "com.apple.product-type.bundle.ui-testing";
		};
		AF3948EA2AD1CC41003A7B70 /* CollectionsRepositoryTests */ = {
			isa = PBXNativeTarget;
			buildConfigurationList = AF3948F12AD1CC41003A7B70 /* Build configuration list for PBXNativeTarget "CollectionsRepositoryTests" */;
			buildPhases = (
				AF3948E72AD1CC41003A7B70 /* Sources */,
				AF3948E82AD1CC41003A7B70 /* Frameworks */,
				AF3948E92AD1CC41003A7B70 /* Resources */,
			);
			buildRules = (
			);
			dependencies = (
				AF3948F02AD1CC41003A7B70 /* PBXTargetDependency */,
			);
			name = CollectionsRepositoryTests;
			productName = CollectionsRepositoryTests;
			productReference = AF3948EB2AD1CC41003A7B70 /* CollectionsRepositoryTests.xctest */;
			productType = "com.apple.product-type.bundle.unit-test";
		};
/* End PBXNativeTarget section */

/* Begin PBXProject section */
		3F68068B29CBBAF100B4F915 /* Project object */ = {
			isa = PBXProject;
			attributes = {
				BuildIndependentTargetsInParallel = 1;
				LastSwiftUpdateCheck = 1500;
				LastUpgradeCheck = 1420;
				TargetAttributes = {
					3F68069229CBBAF100B4F915 = {
						CreatedOnToolsVersion = 14.2;
					};
					3F6806A829CBBAF200B4F915 = {
						CreatedOnToolsVersion = 14.2;
						TestTargetID = 3F68069229CBBAF100B4F915;
					};
					3F6806B229CBBAF200B4F915 = {
						CreatedOnToolsVersion = 14.2;
						TestTargetID = 3F68069229CBBAF100B4F915;
					};
					AF3948EA2AD1CC41003A7B70 = {
						CreatedOnToolsVersion = 15.0;
						TestTargetID = 3F68069229CBBAF100B4F915;
					};
				};
			};
			buildConfigurationList = 3F68068E29CBBAF100B4F915 /* Build configuration list for PBXProject "FakeNFT" */;
			compatibilityVersion = "Xcode 14.0";
			developmentRegion = ru;
			hasScannedForEncodings = 0;
			knownRegions = (
				Base,
				ru,
				en,
			);
			mainGroup = 3F68068A29CBBAF100B4F915;
			packageReferences = (
				3F603CCB29DB4A53000C43D7 /* XCRemoteSwiftPackageReference "ProgressHUD" */,
				3F603CCE29DB4A74000C43D7 /* XCRemoteSwiftPackageReference "Kingfisher" */,
			);
			productRefGroup = 3F68069429CBBAF100B4F915 /* Products */;
			projectDirPath = "";
			projectRoot = "";
			targets = (
				3F68069229CBBAF100B4F915 /* FakeNFT */,
				3F6806A829CBBAF200B4F915 /* FakeNFTTests */,
				3F6806B229CBBAF200B4F915 /* FakeNFTUITests */,
				AF3948EA2AD1CC41003A7B70 /* CollectionsRepositoryTests */,
			);
		};
/* End PBXProject section */

/* Begin PBXResourcesBuildPhase section */
		3F68069129CBBAF100B4F915 /* Resources */ = {
			isa = PBXResourcesBuildPhase;
			buildActionMask = 2147483647;
			files = (
				D827F5712ACF10C900F01BBE /* .gitignore in Resources */,
				D84751442AD0AC9100CEA0A7 /* Localizable.strings in Resources */,
				D84751492AD0B01500CEA0A7 /* swiftgenconfig in Resources */,
				3FC8C39729D24D9D0081F015 /* .swiftlint.yml in Resources */,
				3F6806A329CBBAF200B4F915 /* LaunchScreen.storyboard in Resources */,
				3F6806A029CBBAF200B4F915 /* Assets.xcassets in Resources */,
			);
			runOnlyForDeploymentPostprocessing = 0;
		};
		3F6806A729CBBAF200B4F915 /* Resources */ = {
			isa = PBXResourcesBuildPhase;
			buildActionMask = 2147483647;
			files = (
			);
			runOnlyForDeploymentPostprocessing = 0;
		};
		3F6806B129CBBAF200B4F915 /* Resources */ = {
			isa = PBXResourcesBuildPhase;
			buildActionMask = 2147483647;
			files = (
			);
			runOnlyForDeploymentPostprocessing = 0;
		};
		AF3948E92AD1CC41003A7B70 /* Resources */ = {
			isa = PBXResourcesBuildPhase;
			buildActionMask = 2147483647;
			files = (
			);
			runOnlyForDeploymentPostprocessing = 0;
		};
/* End PBXResourcesBuildPhase section */

/* Begin PBXShellScriptBuildPhase section */
		3FC8C39529D24CDB0081F015 /* Swiftlint */ = {
			isa = PBXShellScriptBuildPhase;
			buildActionMask = 2147483647;
			files = (
			);
			inputFileListPaths = (
			);
			inputPaths = (
			);
			name = Swiftlint;
			outputFileListPaths = (
			);
			outputPaths = (
			);
			runOnlyForDeploymentPostprocessing = 0;
			shellPath = /bin/sh;
			shellScript = "#export PATH=\"$PATH:/opt/homebrew/bin\"\n#if which swiftlint > /dev/null; then\n#  swiftlint --fix && swiftlint\n#else\n#  echo \"warning: SwiftLint not installed, download from https://github.com/realm/SwiftLint\"\n#fi\n";
		};
/* End PBXShellScriptBuildPhase section */

/* Begin PBXSourcesBuildPhase section */
		3F68068F29CBBAF100B4F915 /* Sources */ = {
			isa = PBXSourcesBuildPhase;
			buildActionMask = 2147483647;
			files = (
				3F478ECF29DB474E00F6D39E /* Colors.swift in Sources */,
				AF9A240E2AD5C41B00C73AEC /* CatalogDataProviderProtocol.swift in Sources */,
				AF1A63E72AD96768000F8A4E /* CollectionsViewModel.swift in Sources */,
				AF1A63D82AD81863000F8A4E /* CollectionsViewController.swift in Sources */,
				AF6BEC6B2ADAED1500708F6E /* NFTViewController.swift in Sources */,
				D8307F1B2AD2CE30006302F6 /* ModuleFactory.swift in Sources */,
				AF6BEC692ADAEA7800708F6E /* AlertPresenter.swift in Sources */,
				3F478ED129DB476500F6D39E /* Fonts.swift in Sources */,
				AF3949112AD31B59003A7B70 /* PostLikesEndpoint.swift in Sources */,
				AF3949022AD1E13C003A7B70 /* SingleCollectionEndpoint.swift in Sources */,
				AF7F8F3D2ADFF66100C84AFD /* NFTInteraction.swift in Sources */,
				3FC8C39329D246BA0081F015 /* DateFormatters+Presets.swift in Sources */,
				AFD6454F2ADDCEF600D48BC0 /* NFTViewModelProtocol.swift in Sources */,
				AFD645532ADDD21700D48BC0 /* NFTNavigationState.swift in Sources */,
				AFF11A082ADA9C7400315704 /* CollectionsNavigationState.swift in Sources */,
				3F6806D529CBBEC700B4F915 /* NetworkTask.swift in Sources */,
				AF39490F2AD31B42003A7B70 /* AllLikesEndPoint.swift in Sources */,
				AF9A240A2AD5C04F00C73AEC /* Constants.swift in Sources */,
				AF3948FC2AD1D847003A7B70 /* AllCollectionsEndpoint.swift in Sources */,
				3F68069729CBBAF100B4F915 /* AppDelegate.swift in Sources */,
				D84751522AD0B84300CEA0A7 /* Strings.swift in Sources */,
				3F68069929CBBAF100B4F915 /* SceneDelegate.swift in Sources */,
				AF9A24152AD5CB4D00C73AEC /* SortCases.swift in Sources */,
				3FC8C39129D2453B0081F015 /* ExampleRequest.swift in Sources */,
				AF6BEC672ADAEA5100708F6E /* AlertModel.swift in Sources */,
				3F6806D729CBC50A00B4F915 /* CellsReusingUtils.swift in Sources */,
				3F6806D329CBBE9600B4F915 /* NetworkRequest.swift in Sources */,
				AFF11A0C2ADAB14100315704 /* CollectionNavigationAction.swift in Sources */,
				AF3948E42AD1B4ED003A7B70 /* CatalogDataProvider.swift in Sources */,
				AF3948FA2AD1D81E003A7B70 /* Endpoint.swift in Sources */,
				AFD6454D2ADC741B00D48BC0 /* AnimatedGradientView.swift in Sources */,
				AFD645512ADDCF0B00D48BC0 /* NFTViewModel.swift in Sources */,
				AF9A24132AD5CA5400C73AEC /* DataProviderInteractor.swift in Sources */,
				AF3948DD2AD1B382003A7B70 /* NFTModel.swift in Sources */,
				AFA7CEEF2ADF24B700685E14 /* DataProviderInteractorProtocol.swift in Sources */,
				AF7F8F402ADFF70500C84AFD /* NFTHeaderTableViewCell.swift in Sources */,
				AF3948DF2AD1B382003A7B70 /* CollectionModel.swift in Sources */,
				AF6BEC622ADAC81E00708F6E /* CollectionsTableViewCell.swift in Sources */,
				AF1A63E52AD96607000F8A4E /* CollectionsViewModelProtocol.swift in Sources */,
				AF3948DE2AD1B382003A7B70 /* UserModel.swift in Sources */,
				AFF11A0A2ADAA1FF00315704 /* CollectionsResultState.swift in Sources */,
				AF1A63EA2AD99153000F8A4E /* SortType.swift in Sources */,
				AF3949002AD1DA06003A7B70 /* DefaultNetworkRequest.swift in Sources */,
				AF39490D2AD31B11003A7B70 /* ProfileLikesModel.swift in Sources */,
				AF1A63DA2AD81863000F8A4E /* CartViewController.swift in Sources */,
				AF1A63D92AD81863000F8A4E /* ProfileViewController.swift in Sources */,
				AF1A63DB2AD81863000F8A4E /* StatisticViewController.swift in Sources */,
				3F6806D129CBBE6B00B4F915 /* NetworkClient.swift in Sources */,
				AF3948FE2AD1D867003A7B70 /* AllNFTsEndpoint.swift in Sources */,
				AF3949042AD1E1EE003A7B70 /* SingleNFTEndpoint.swift in Sources */,
			);
			runOnlyForDeploymentPostprocessing = 0;
		};
		3F6806A529CBBAF200B4F915 /* Sources */ = {
			isa = PBXSourcesBuildPhase;
			buildActionMask = 2147483647;
			files = (
				AF3948F42AD1CC4F003A7B70 /* CollectionsRepositoryTests.swift in Sources */,
				AF3948F62AD1CC98003A7B70 /* MockNetworkClient.swift in Sources */,
				AF6BEC6D2ADAF53B00708F6E /* MockCollectionsViewModel.swift in Sources */,
				AF6BEC6F2ADAF6C300708F6E /* CollectionsViewControllerTests.swift in Sources */,
				3F6806AE29CBBAF200B4F915 /* ExampleUnitTests.swift in Sources */,
			);
			runOnlyForDeploymentPostprocessing = 0;
		};
		3F6806AF29CBBAF200B4F915 /* Sources */ = {
			isa = PBXSourcesBuildPhase;
			buildActionMask = 2147483647;
			files = (
				AF6BEC712ADAFADB00708F6E /* CollectionsViewControllerUITests.swift in Sources */,
				3F6806B829CBBAF200B4F915 /* FakeNFTUITests.swift in Sources */,
			);
			runOnlyForDeploymentPostprocessing = 0;
		};
		AF3948E72AD1CC41003A7B70 /* Sources */ = {
			isa = PBXSourcesBuildPhase;
			buildActionMask = 2147483647;
			files = (
			);
			runOnlyForDeploymentPostprocessing = 0;
		};
/* End PBXSourcesBuildPhase section */

/* Begin PBXTargetDependency section */
		3F6806AB29CBBAF200B4F915 /* PBXTargetDependency */ = {
			isa = PBXTargetDependency;
			target = 3F68069229CBBAF100B4F915 /* FakeNFT */;
			targetProxy = 3F6806AA29CBBAF200B4F915 /* PBXContainerItemProxy */;
		};
		3F6806B529CBBAF200B4F915 /* PBXTargetDependency */ = {
			isa = PBXTargetDependency;
			target = 3F68069229CBBAF100B4F915 /* FakeNFT */;
			targetProxy = 3F6806B429CBBAF200B4F915 /* PBXContainerItemProxy */;
		};
		AF3948F02AD1CC41003A7B70 /* PBXTargetDependency */ = {
			isa = PBXTargetDependency;
			target = 3F68069229CBBAF100B4F915 /* FakeNFT */;
			targetProxy = AF3948EF2AD1CC41003A7B70 /* PBXContainerItemProxy */;
		};
/* End PBXTargetDependency section */

/* Begin PBXVariantGroup section */
		3F6806A129CBBAF200B4F915 /* LaunchScreen.storyboard */ = {
			isa = PBXVariantGroup;
			children = (
				3F6806A229CBBAF200B4F915 /* Base */,
				D84751412AD0ABCF00CEA0A7 /* ru */,
				D84751432AD0AC6700CEA0A7 /* en */,
			);
			name = LaunchScreen.storyboard;
			sourceTree = "<group>";
		};
		D84751462AD0AC9100CEA0A7 /* Localizable.strings */ = {
			isa = PBXVariantGroup;
			children = (
				D84751452AD0AC9100CEA0A7 /* ru */,
				D84751472AD0AC9500CEA0A7 /* en */,
			);
			name = Localizable.strings;
			sourceTree = "<group>";
		};
/* End PBXVariantGroup section */

/* Begin XCBuildConfiguration section */
		3F6806BB29CBBAF200B4F915 /* Debug */ = {
			isa = XCBuildConfiguration;
			buildSettings = {
				ALWAYS_SEARCH_USER_PATHS = NO;
				CLANG_ANALYZER_LOCALIZABILITY_NONLOCALIZED = YES;
				CLANG_ANALYZER_NONNULL = YES;
				CLANG_ANALYZER_NUMBER_OBJECT_CONVERSION = YES_AGGRESSIVE;
				CLANG_CXX_LANGUAGE_STANDARD = "gnu++20";
				CLANG_ENABLE_MODULES = YES;
				CLANG_ENABLE_OBJC_ARC = YES;
				CLANG_ENABLE_OBJC_WEAK = YES;
				CLANG_WARN_BLOCK_CAPTURE_AUTORELEASING = YES;
				CLANG_WARN_BOOL_CONVERSION = YES;
				CLANG_WARN_COMMA = YES;
				CLANG_WARN_CONSTANT_CONVERSION = YES;
				CLANG_WARN_DEPRECATED_OBJC_IMPLEMENTATIONS = YES;
				CLANG_WARN_DIRECT_OBJC_ISA_USAGE = YES_ERROR;
				CLANG_WARN_DOCUMENTATION_COMMENTS = YES;
				CLANG_WARN_EMPTY_BODY = YES;
				CLANG_WARN_ENUM_CONVERSION = YES;
				CLANG_WARN_INFINITE_RECURSION = YES;
				CLANG_WARN_INT_CONVERSION = YES;
				CLANG_WARN_NON_LITERAL_NULL_CONVERSION = YES;
				CLANG_WARN_OBJC_IMPLICIT_RETAIN_SELF = YES;
				CLANG_WARN_OBJC_LITERAL_CONVERSION = YES;
				CLANG_WARN_OBJC_ROOT_CLASS = YES_ERROR;
				CLANG_WARN_QUOTED_INCLUDE_IN_FRAMEWORK_HEADER = YES;
				CLANG_WARN_RANGE_LOOP_ANALYSIS = YES;
				CLANG_WARN_STRICT_PROTOTYPES = YES;
				CLANG_WARN_SUSPICIOUS_MOVE = YES;
				CLANG_WARN_UNGUARDED_AVAILABILITY = YES_AGGRESSIVE;
				CLANG_WARN_UNREACHABLE_CODE = YES;
				CLANG_WARN__DUPLICATE_METHOD_MATCH = YES;
				COPY_PHASE_STRIP = NO;
				DEBUG_INFORMATION_FORMAT = dwarf;
				ENABLE_STRICT_OBJC_MSGSEND = YES;
				ENABLE_TESTABILITY = YES;
				GCC_C_LANGUAGE_STANDARD = gnu11;
				GCC_DYNAMIC_NO_PIC = NO;
				GCC_NO_COMMON_BLOCKS = YES;
				GCC_OPTIMIZATION_LEVEL = 0;
				GCC_PREPROCESSOR_DEFINITIONS = (
					"DEBUG=1",
					"$(inherited)",
				);
				GCC_WARN_64_TO_32_BIT_CONVERSION = YES;
				GCC_WARN_ABOUT_RETURN_TYPE = YES_ERROR;
				GCC_WARN_UNDECLARED_SELECTOR = YES;
				GCC_WARN_UNINITIALIZED_AUTOS = YES_AGGRESSIVE;
				GCC_WARN_UNUSED_FUNCTION = YES;
				GCC_WARN_UNUSED_VARIABLE = YES;
				IPHONEOS_DEPLOYMENT_TARGET = 13.0;
				MTL_ENABLE_DEBUG_INFO = INCLUDE_SOURCE;
				MTL_FAST_MATH = YES;
				ONLY_ACTIVE_ARCH = YES;
				SDKROOT = iphoneos;
				SWIFT_ACTIVE_COMPILATION_CONDITIONS = DEBUG;
				SWIFT_OPTIMIZATION_LEVEL = "-Onone";
			};
			name = Debug;
		};
		3F6806BC29CBBAF200B4F915 /* Release */ = {
			isa = XCBuildConfiguration;
			buildSettings = {
				ALWAYS_SEARCH_USER_PATHS = NO;
				CLANG_ANALYZER_LOCALIZABILITY_NONLOCALIZED = YES;
				CLANG_ANALYZER_NONNULL = YES;
				CLANG_ANALYZER_NUMBER_OBJECT_CONVERSION = YES_AGGRESSIVE;
				CLANG_CXX_LANGUAGE_STANDARD = "gnu++20";
				CLANG_ENABLE_MODULES = YES;
				CLANG_ENABLE_OBJC_ARC = YES;
				CLANG_ENABLE_OBJC_WEAK = YES;
				CLANG_WARN_BLOCK_CAPTURE_AUTORELEASING = YES;
				CLANG_WARN_BOOL_CONVERSION = YES;
				CLANG_WARN_COMMA = YES;
				CLANG_WARN_CONSTANT_CONVERSION = YES;
				CLANG_WARN_DEPRECATED_OBJC_IMPLEMENTATIONS = YES;
				CLANG_WARN_DIRECT_OBJC_ISA_USAGE = YES_ERROR;
				CLANG_WARN_DOCUMENTATION_COMMENTS = YES;
				CLANG_WARN_EMPTY_BODY = YES;
				CLANG_WARN_ENUM_CONVERSION = YES;
				CLANG_WARN_INFINITE_RECURSION = YES;
				CLANG_WARN_INT_CONVERSION = YES;
				CLANG_WARN_NON_LITERAL_NULL_CONVERSION = YES;
				CLANG_WARN_OBJC_IMPLICIT_RETAIN_SELF = YES;
				CLANG_WARN_OBJC_LITERAL_CONVERSION = YES;
				CLANG_WARN_OBJC_ROOT_CLASS = YES_ERROR;
				CLANG_WARN_QUOTED_INCLUDE_IN_FRAMEWORK_HEADER = YES;
				CLANG_WARN_RANGE_LOOP_ANALYSIS = YES;
				CLANG_WARN_STRICT_PROTOTYPES = YES;
				CLANG_WARN_SUSPICIOUS_MOVE = YES;
				CLANG_WARN_UNGUARDED_AVAILABILITY = YES_AGGRESSIVE;
				CLANG_WARN_UNREACHABLE_CODE = YES;
				CLANG_WARN__DUPLICATE_METHOD_MATCH = YES;
				COPY_PHASE_STRIP = NO;
				DEBUG_INFORMATION_FORMAT = "dwarf-with-dsym";
				ENABLE_NS_ASSERTIONS = NO;
				ENABLE_STRICT_OBJC_MSGSEND = YES;
				GCC_C_LANGUAGE_STANDARD = gnu11;
				GCC_NO_COMMON_BLOCKS = YES;
				GCC_WARN_64_TO_32_BIT_CONVERSION = YES;
				GCC_WARN_ABOUT_RETURN_TYPE = YES_ERROR;
				GCC_WARN_UNDECLARED_SELECTOR = YES;
				GCC_WARN_UNINITIALIZED_AUTOS = YES_AGGRESSIVE;
				GCC_WARN_UNUSED_FUNCTION = YES;
				GCC_WARN_UNUSED_VARIABLE = YES;
				IPHONEOS_DEPLOYMENT_TARGET = 13.0;
				MTL_ENABLE_DEBUG_INFO = NO;
				MTL_FAST_MATH = YES;
				SDKROOT = iphoneos;
				SWIFT_COMPILATION_MODE = wholemodule;
				SWIFT_OPTIMIZATION_LEVEL = "-O";
				VALIDATE_PRODUCT = YES;
			};
			name = Release;
		};
		3F6806BE29CBBAF200B4F915 /* Debug */ = {
			isa = XCBuildConfiguration;
			buildSettings = {
				ASSETCATALOG_COMPILER_APPICON_NAME = AppIcon;
				ASSETCATALOG_COMPILER_GLOBAL_ACCENT_COLOR_NAME = AccentColor;
				CODE_SIGN_STYLE = Automatic;
				CURRENT_PROJECT_VERSION = 1;
				GENERATE_INFOPLIST_FILE = YES;
				INFOPLIST_FILE = FakeNFT/Info.plist;
				INFOPLIST_KEY_UIApplicationSupportsIndirectInputEvents = YES;
				INFOPLIST_KEY_UILaunchStoryboardName = LaunchScreen;
				INFOPLIST_KEY_UIMainStoryboardFile = LaunchScreen;
				INFOPLIST_KEY_UISupportedInterfaceOrientations_iPad = "UIInterfaceOrientationPortrait UIInterfaceOrientationPortraitUpsideDown UIInterfaceOrientationLandscapeLeft UIInterfaceOrientationLandscapeRight";
				INFOPLIST_KEY_UISupportedInterfaceOrientations_iPhone = "UIInterfaceOrientationPortrait UIInterfaceOrientationLandscapeLeft UIInterfaceOrientationLandscapeRight";
				IPHONEOS_DEPLOYMENT_TARGET = 13.0;
				LD_RUNPATH_SEARCH_PATHS = (
					"$(inherited)",
					"@executable_path/Frameworks",
				);
				MARKETING_VERSION = 1.0;
				PRODUCT_BUNDLE_IDENTIFIER = com.practicum.FakeNFT;
				PRODUCT_NAME = "$(TARGET_NAME)";
				SWIFT_EMIT_LOC_STRINGS = YES;
				SWIFT_VERSION = 5.0;
				TARGETED_DEVICE_FAMILY = "1,2";
			};
			name = Debug;
		};
		3F6806BF29CBBAF200B4F915 /* Release */ = {
			isa = XCBuildConfiguration;
			buildSettings = {
				ASSETCATALOG_COMPILER_APPICON_NAME = AppIcon;
				ASSETCATALOG_COMPILER_GLOBAL_ACCENT_COLOR_NAME = AccentColor;
				CODE_SIGN_STYLE = Automatic;
				CURRENT_PROJECT_VERSION = 1;
				GENERATE_INFOPLIST_FILE = YES;
				INFOPLIST_FILE = FakeNFT/Info.plist;
				INFOPLIST_KEY_UIApplicationSupportsIndirectInputEvents = YES;
				INFOPLIST_KEY_UILaunchStoryboardName = LaunchScreen;
				INFOPLIST_KEY_UIMainStoryboardFile = LaunchScreen;
				INFOPLIST_KEY_UISupportedInterfaceOrientations_iPad = "UIInterfaceOrientationPortrait UIInterfaceOrientationPortraitUpsideDown UIInterfaceOrientationLandscapeLeft UIInterfaceOrientationLandscapeRight";
				INFOPLIST_KEY_UISupportedInterfaceOrientations_iPhone = "UIInterfaceOrientationPortrait UIInterfaceOrientationLandscapeLeft UIInterfaceOrientationLandscapeRight";
				IPHONEOS_DEPLOYMENT_TARGET = 13.0;
				LD_RUNPATH_SEARCH_PATHS = (
					"$(inherited)",
					"@executable_path/Frameworks",
				);
				MARKETING_VERSION = 1.0;
				PRODUCT_BUNDLE_IDENTIFIER = com.practicum.FakeNFT;
				PRODUCT_NAME = "$(TARGET_NAME)";
				SWIFT_EMIT_LOC_STRINGS = YES;
				SWIFT_VERSION = 5.0;
				TARGETED_DEVICE_FAMILY = "1,2";
			};
			name = Release;
		};
		3F6806C129CBBAF200B4F915 /* Debug */ = {
			isa = XCBuildConfiguration;
			buildSettings = {
				ALWAYS_EMBED_SWIFT_STANDARD_LIBRARIES = YES;
				BUNDLE_LOADER = "$(TEST_HOST)";
				CODE_SIGN_STYLE = Automatic;
				CURRENT_PROJECT_VERSION = 1;
				GENERATE_INFOPLIST_FILE = YES;
				IPHONEOS_DEPLOYMENT_TARGET = 16.2;
				MARKETING_VERSION = 1.0;
				PRODUCT_BUNDLE_IDENTIFIER = com.practicum.FakeNFTTests;
				PRODUCT_NAME = "$(TARGET_NAME)";
				SWIFT_EMIT_LOC_STRINGS = NO;
				SWIFT_VERSION = 5.0;
				TARGETED_DEVICE_FAMILY = "1,2";
				TEST_HOST = "$(BUILT_PRODUCTS_DIR)/FakeNFT.app/$(BUNDLE_EXECUTABLE_FOLDER_PATH)/FakeNFT";
			};
			name = Debug;
		};
		3F6806C229CBBAF200B4F915 /* Release */ = {
			isa = XCBuildConfiguration;
			buildSettings = {
				ALWAYS_EMBED_SWIFT_STANDARD_LIBRARIES = YES;
				BUNDLE_LOADER = "$(TEST_HOST)";
				CODE_SIGN_STYLE = Automatic;
				CURRENT_PROJECT_VERSION = 1;
				GENERATE_INFOPLIST_FILE = YES;
				IPHONEOS_DEPLOYMENT_TARGET = 16.2;
				MARKETING_VERSION = 1.0;
				PRODUCT_BUNDLE_IDENTIFIER = com.practicum.FakeNFTTests;
				PRODUCT_NAME = "$(TARGET_NAME)";
				SWIFT_EMIT_LOC_STRINGS = NO;
				SWIFT_VERSION = 5.0;
				TARGETED_DEVICE_FAMILY = "1,2";
				TEST_HOST = "$(BUILT_PRODUCTS_DIR)/FakeNFT.app/$(BUNDLE_EXECUTABLE_FOLDER_PATH)/FakeNFT";
			};
			name = Release;
		};
		3F6806C429CBBAF200B4F915 /* Debug */ = {
			isa = XCBuildConfiguration;
			buildSettings = {
				ALWAYS_EMBED_SWIFT_STANDARD_LIBRARIES = YES;
				CODE_SIGN_STYLE = Automatic;
				CURRENT_PROJECT_VERSION = 1;
				GENERATE_INFOPLIST_FILE = YES;
				MARKETING_VERSION = 1.0;
				PRODUCT_BUNDLE_IDENTIFIER = com.practicum.FakeNFTUITests;
				PRODUCT_NAME = "$(TARGET_NAME)";
				SWIFT_EMIT_LOC_STRINGS = NO;
				SWIFT_VERSION = 5.0;
				TARGETED_DEVICE_FAMILY = "1,2";
				TEST_TARGET_NAME = FakeNFT;
			};
			name = Debug;
		};
		3F6806C529CBBAF200B4F915 /* Release */ = {
			isa = XCBuildConfiguration;
			buildSettings = {
				ALWAYS_EMBED_SWIFT_STANDARD_LIBRARIES = YES;
				CODE_SIGN_STYLE = Automatic;
				CURRENT_PROJECT_VERSION = 1;
				GENERATE_INFOPLIST_FILE = YES;
				MARKETING_VERSION = 1.0;
				PRODUCT_BUNDLE_IDENTIFIER = com.practicum.FakeNFTUITests;
				PRODUCT_NAME = "$(TARGET_NAME)";
				SWIFT_EMIT_LOC_STRINGS = NO;
				SWIFT_VERSION = 5.0;
				TARGETED_DEVICE_FAMILY = "1,2";
				TEST_TARGET_NAME = FakeNFT;
			};
			name = Release;
		};
		AF3948F22AD1CC41003A7B70 /* Debug */ = {
			isa = XCBuildConfiguration;
			buildSettings = {
				ASSETCATALOG_COMPILER_GENERATE_SWIFT_ASSET_SYMBOL_EXTENSIONS = YES;
				BUNDLE_LOADER = "$(TEST_HOST)";
				CODE_SIGN_STYLE = Automatic;
				CURRENT_PROJECT_VERSION = 1;
				DEVELOPMENT_TEAM = 6LXSUZFYBY;
				ENABLE_USER_SCRIPT_SANDBOXING = YES;
				GCC_C_LANGUAGE_STANDARD = gnu17;
				GENERATE_INFOPLIST_FILE = YES;
				IPHONEOS_DEPLOYMENT_TARGET = 17.0;
				LOCALIZATION_PREFERS_STRING_CATALOGS = YES;
				MARKETING_VERSION = 1.0;
				PRODUCT_BUNDLE_IDENTIFIER = "artwist-polyakov.CollectionsRepositoryTests";
				PRODUCT_NAME = "$(TARGET_NAME)";
				SWIFT_ACTIVE_COMPILATION_CONDITIONS = "DEBUG $(inherited)";
				SWIFT_EMIT_LOC_STRINGS = NO;
				SWIFT_VERSION = 5.0;
				TARGETED_DEVICE_FAMILY = "1,2";
				TEST_HOST = "$(BUILT_PRODUCTS_DIR)/FakeNFT.app/$(BUNDLE_EXECUTABLE_FOLDER_PATH)/FakeNFT";
			};
			name = Debug;
		};
		AF3948F32AD1CC41003A7B70 /* Release */ = {
			isa = XCBuildConfiguration;
			buildSettings = {
				ASSETCATALOG_COMPILER_GENERATE_SWIFT_ASSET_SYMBOL_EXTENSIONS = YES;
				BUNDLE_LOADER = "$(TEST_HOST)";
				CODE_SIGN_STYLE = Automatic;
				CURRENT_PROJECT_VERSION = 1;
				DEVELOPMENT_TEAM = 6LXSUZFYBY;
				ENABLE_USER_SCRIPT_SANDBOXING = YES;
				GCC_C_LANGUAGE_STANDARD = gnu17;
				GENERATE_INFOPLIST_FILE = YES;
				IPHONEOS_DEPLOYMENT_TARGET = 17.0;
				LOCALIZATION_PREFERS_STRING_CATALOGS = YES;
				MARKETING_VERSION = 1.0;
				PRODUCT_BUNDLE_IDENTIFIER = "artwist-polyakov.CollectionsRepositoryTests";
				PRODUCT_NAME = "$(TARGET_NAME)";
				SWIFT_EMIT_LOC_STRINGS = NO;
				SWIFT_VERSION = 5.0;
				TARGETED_DEVICE_FAMILY = "1,2";
				TEST_HOST = "$(BUILT_PRODUCTS_DIR)/FakeNFT.app/$(BUNDLE_EXECUTABLE_FOLDER_PATH)/FakeNFT";
			};
			name = Release;
		};
/* End XCBuildConfiguration section */

/* Begin XCConfigurationList section */
		3F68068E29CBBAF100B4F915 /* Build configuration list for PBXProject "FakeNFT" */ = {
			isa = XCConfigurationList;
			buildConfigurations = (
				3F6806BB29CBBAF200B4F915 /* Debug */,
				3F6806BC29CBBAF200B4F915 /* Release */,
			);
			defaultConfigurationIsVisible = 0;
			defaultConfigurationName = Release;
		};
		3F6806BD29CBBAF200B4F915 /* Build configuration list for PBXNativeTarget "FakeNFT" */ = {
			isa = XCConfigurationList;
			buildConfigurations = (
				3F6806BE29CBBAF200B4F915 /* Debug */,
				3F6806BF29CBBAF200B4F915 /* Release */,
			);
			defaultConfigurationIsVisible = 0;
			defaultConfigurationName = Release;
		};
		3F6806C029CBBAF200B4F915 /* Build configuration list for PBXNativeTarget "FakeNFTTests" */ = {
			isa = XCConfigurationList;
			buildConfigurations = (
				3F6806C129CBBAF200B4F915 /* Debug */,
				3F6806C229CBBAF200B4F915 /* Release */,
			);
			defaultConfigurationIsVisible = 0;
			defaultConfigurationName = Release;
		};
		3F6806C329CBBAF200B4F915 /* Build configuration list for PBXNativeTarget "FakeNFTUITests" */ = {
			isa = XCConfigurationList;
			buildConfigurations = (
				3F6806C429CBBAF200B4F915 /* Debug */,
				3F6806C529CBBAF200B4F915 /* Release */,
			);
			defaultConfigurationIsVisible = 0;
			defaultConfigurationName = Release;
		};
		AF3948F12AD1CC41003A7B70 /* Build configuration list for PBXNativeTarget "CollectionsRepositoryTests" */ = {
			isa = XCConfigurationList;
			buildConfigurations = (
				AF3948F22AD1CC41003A7B70 /* Debug */,
				AF3948F32AD1CC41003A7B70 /* Release */,
			);
			defaultConfigurationIsVisible = 0;
			defaultConfigurationName = Release;
		};
/* End XCConfigurationList section */

/* Begin XCRemoteSwiftPackageReference section */
		3F603CCB29DB4A53000C43D7 /* XCRemoteSwiftPackageReference "ProgressHUD" */ = {
			isa = XCRemoteSwiftPackageReference;
			repositoryURL = "https://github.com/relatedcode/ProgressHUD";
			requirement = {
				kind = upToNextMajorVersion;
				minimumVersion = 13.0.0;
			};
		};
		3F603CCE29DB4A74000C43D7 /* XCRemoteSwiftPackageReference "Kingfisher" */ = {
			isa = XCRemoteSwiftPackageReference;
			repositoryURL = "https://github.com/onevcat/Kingfisher.git";
			requirement = {
				kind = upToNextMajorVersion;
				minimumVersion = 7.0.0;
			};
		};
/* End XCRemoteSwiftPackageReference section */

/* Begin XCSwiftPackageProductDependency section */
		3F603CCC29DB4A53000C43D7 /* ProgressHUD */ = {
			isa = XCSwiftPackageProductDependency;
			package = 3F603CCB29DB4A53000C43D7 /* XCRemoteSwiftPackageReference "ProgressHUD" */;
			productName = ProgressHUD;
		};
		3F603CCF29DB4A74000C43D7 /* Kingfisher */ = {
			isa = XCSwiftPackageProductDependency;
			package = 3F603CCE29DB4A74000C43D7 /* XCRemoteSwiftPackageReference "Kingfisher" */;
			productName = Kingfisher;
		};
/* End XCSwiftPackageProductDependency section */
	};
	rootObject = 3F68068B29CBBAF100B4F915 /* Project object */;
}
